
Microsoft Visual Studio Solution File, Format Version 12.00
# Visual Studio Version 16
VisualStudioVersion = 16.0.29306.81
MinimumVisualStudioVersion = 10.0.40219.1
Project("{FAE04EC0-301F-11D3-BF4B-00C04F79EFBC}") = "EX", "EX\EX.csproj", "{278A93E2-C923-4B37-A4E7-F1778E81A385}"
EndProject
Global
	GlobalSection(SolutionConfigurationPlatforms) = preSolution
		Debug|Any CPU = Debug|Any CPU
		Release|Any CPU = Release|Any CPU
	EndGlobalSection
	GlobalSection(ProjectConfigurationPlatforms) = postSolution
		{278A93E2-C923-4B37-A4E7-F1778E81A385}.Debug|Any CPU.ActiveCfg = Debug|Any CPU
		{278A93E2-C923-4B37-A4E7-F1778E81A385}.Debug|Any CPU.Build.0 = Debug|Any CPU
		{278A93E2-C923-4B37-A4E7-F1778E81A385}.Release|Any CPU.ActiveCfg = Release|Any CPU
		{278A93E2-C923-4B37-A4E7-F1778E81A385}.Release|Any CPU.Build.0 = Release|Any CPU
	EndGlobalSection
	GlobalSection(SolutionProperties) = preSolution
		HideSolutionNode = FALSE
	EndGlobalSection
	GlobalSection(ExtensibilityGlobals) = postSolution
		SolutionGuid = {B53853BA-340D-4A0E-AC39-F80D0B0C5025}
	EndGlobalSection
EndGlobal
