
Microsoft Visual Studio Solution File, Format Version 12.00
# Visual Studio Version 16
VisualStudioVersion = 16.0.29123.88
MinimumVisualStudioVersion = 10.0.40219.1
Project("{FAE04EC0-301F-11D3-BF4B-00C04F79EFBC}") = "EX2", "EX2\EX2.csproj", "{EE72058F-690F-46B6-B29C-50BF986FB382}"
EndProject
Project("{FAE04EC0-301F-11D3-BF4B-00C04F79EFBC}") = "EX1", "EX1\EX1.csproj", "{64D1B59B-4913-4CF8-8F52-B12C29714934}"
EndProject
Global
	GlobalSection(SolutionConfigurationPlatforms) = preSolution
		Debug|Any CPU = Debug|Any CPU
		Release|Any CPU = Release|Any CPU
	EndGlobalSection
	GlobalSection(ProjectConfigurationPlatforms) = postSolution
		{EE72058F-690F-46B6-B29C-50BF986FB382}.Debug|Any CPU.ActiveCfg = Debug|Any CPU
		{EE72058F-690F-46B6-B29C-50BF986FB382}.Debug|Any CPU.Build.0 = Debug|Any CPU
		{EE72058F-690F-46B6-B29C-50BF986FB382}.Release|Any CPU.ActiveCfg = Release|Any CPU
		{EE72058F-690F-46B6-B29C-50BF986FB382}.Release|Any CPU.Build.0 = Release|Any CPU
		{64D1B59B-4913-4CF8-8F52-B12C29714934}.Debug|Any CPU.ActiveCfg = Debug|Any CPU
		{64D1B59B-4913-4CF8-8F52-B12C29714934}.Debug|Any CPU.Build.0 = Debug|Any CPU
		{64D1B59B-4913-4CF8-8F52-B12C29714934}.Release|Any CPU.ActiveCfg = Release|Any CPU
		{64D1B59B-4913-4CF8-8F52-B12C29714934}.Release|Any CPU.Build.0 = Release|Any CPU
	EndGlobalSection
	GlobalSection(SolutionProperties) = preSolution
		HideSolutionNode = FALSE
	EndGlobalSection
	GlobalSection(ExtensibilityGlobals) = postSolution
		SolutionGuid = {A26A117E-D550-468F-A67C-6D07787ADC49}
	EndGlobalSection
EndGlobal
